
Microsoft Visual Studio Solution File, Format Version 11.00
# Visual Studio 2010
Project("{FAE04EC0-301F-11D3-BF4B-00C04F79EFBC}") = "Tavisca.PMD.Client", "Tavisca.PMD.Client\Tavisca.PMD.Client.csproj", "{04447B0C-A1E1-4461-8ACA-B07678727AA6}"
EndProject
Global
	GlobalSection(SolutionConfigurationPlatforms) = preSolution
		Debug|Any CPU = Debug|Any CPU
		Release|Any CPU = Release|Any CPU
	EndGlobalSection
	GlobalSection(ProjectConfigurationPlatforms) = postSolution
		{04447B0C-A1E1-4461-8ACA-B07678727AA6}.Debug|Any CPU.ActiveCfg = Debug|Any CPU
		{04447B0C-A1E1-4461-8ACA-B07678727AA6}.Debug|Any CPU.Build.0 = Debug|Any CPU
		{04447B0C-A1E1-4461-8ACA-B07678727AA6}.Release|Any CPU.ActiveCfg = Release|Any CPU
		{04447B0C-A1E1-4461-8ACA-B07678727AA6}.Release|Any CPU.Build.0 = Release|Any CPU
	EndGlobalSection
	GlobalSection(SolutionProperties) = preSolution
		HideSolutionNode = FALSE
	EndGlobalSection
EndGlobal
